
Microsoft Visual Studio Solution File, Format Version 12.00
# Visual Studio Version 16
VisualStudioVersion = 16.0.30320.27
MinimumVisualStudioVersion = 10.0.40219.1
Project("{FAE04EC0-301F-11D3-BF4B-00C04F79EFBC}") = "ConsoleGame", "ConsoleGame\ConsoleGame.csproj", "{579F4926-238F-47AB-A3E9-5059D428E190}"
EndProject
Global
	GlobalSection(SolutionConfigurationPlatforms) = preSolution
		Debug|Any CPU = Debug|Any CPU
		Release|Any CPU = Release|Any CPU
	EndGlobalSection
	GlobalSection(ProjectConfigurationPlatforms) = postSolution
		{579F4926-238F-47AB-A3E9-5059D428E190}.Debug|Any CPU.ActiveCfg = Debug|Any CPU
		{579F4926-238F-47AB-A3E9-5059D428E190}.Debug|Any CPU.Build.0 = Debug|Any CPU
		{579F4926-238F-47AB-A3E9-5059D428E190}.Release|Any CPU.ActiveCfg = Release|Any CPU
		{579F4926-238F-47AB-A3E9-5059D428E190}.Release|Any CPU.Build.0 = Release|Any CPU
	EndGlobalSection
	GlobalSection(SolutionProperties) = preSolution
		HideSolutionNode = FALSE
	EndGlobalSection
	GlobalSection(ExtensibilityGlobals) = postSolution
		SolutionGuid = {321EDEDC-1B90-42C0-8840-AFBA34398984}
	EndGlobalSection
EndGlobal
