
Microsoft Visual Studio Solution File, Format Version 12.00
# Visual Studio Version 16
VisualStudioVersion = 16.0.30320.27
MinimumVisualStudioVersion = 10.0.40219.1
Project("{FAE04EC0-301F-11D3-BF4B-00C04F79EFBC}") = "Architect Arithmetic", "Architect Arithmetic\Architect Arithmetic.csproj", "{0ABC9183-FD04-488F-B273-882E2D2F5FBE}"
EndProject
Global
	GlobalSection(SolutionConfigurationPlatforms) = preSolution
		Debug|Any CPU = Debug|Any CPU
		Release|Any CPU = Release|Any CPU
	EndGlobalSection
	GlobalSection(ProjectConfigurationPlatforms) = postSolution
		{0ABC9183-FD04-488F-B273-882E2D2F5FBE}.Debug|Any CPU.ActiveCfg = Debug|Any CPU
		{0ABC9183-FD04-488F-B273-882E2D2F5FBE}.Debug|Any CPU.Build.0 = Debug|Any CPU
		{0ABC9183-FD04-488F-B273-882E2D2F5FBE}.Release|Any CPU.ActiveCfg = Release|Any CPU
		{0ABC9183-FD04-488F-B273-882E2D2F5FBE}.Release|Any CPU.Build.0 = Release|Any CPU
	EndGlobalSection
	GlobalSection(SolutionProperties) = preSolution
		HideSolutionNode = FALSE
	EndGlobalSection
	GlobalSection(ExtensibilityGlobals) = postSolution
		SolutionGuid = {9651EDBE-96E0-4663-9899-21DB28CC15E1}
	EndGlobalSection
EndGlobal
