
Microsoft Visual Studio Solution File, Format Version 12.00
# Visual Studio Version 16
VisualStudioVersion = 16.0.30320.27
MinimumVisualStudioVersion = 10.0.40219.1
Project("{FAE04EC0-301F-11D3-BF4B-00C04F79EFBC}") = "Console Game", "Console Game\Console Game.csproj", "{29E1D622-A798-48C6-9DD5-50062A40498F}"
EndProject
Global
	GlobalSection(SolutionConfigurationPlatforms) = preSolution
		Debug|Any CPU = Debug|Any CPU
		Release|Any CPU = Release|Any CPU
	EndGlobalSection
	GlobalSection(ProjectConfigurationPlatforms) = postSolution
		{29E1D622-A798-48C6-9DD5-50062A40498F}.Debug|Any CPU.ActiveCfg = Debug|Any CPU
		{29E1D622-A798-48C6-9DD5-50062A40498F}.Debug|Any CPU.Build.0 = Debug|Any CPU
		{29E1D622-A798-48C6-9DD5-50062A40498F}.Release|Any CPU.ActiveCfg = Release|Any CPU
		{29E1D622-A798-48C6-9DD5-50062A40498F}.Release|Any CPU.Build.0 = Release|Any CPU
	EndGlobalSection
	GlobalSection(SolutionProperties) = preSolution
		HideSolutionNode = FALSE
	EndGlobalSection
	GlobalSection(ExtensibilityGlobals) = postSolution
		SolutionGuid = {2D05AC54-4A30-46DC-892F-B95B236BD0B4}
	EndGlobalSection
EndGlobal
